
Microsoft Visual Studio Solution File, Format Version 12.00
# Visual Studio Version 17
VisualStudioVersion = 17.14.36511.14
MinimumVisualStudioVersion = 10.0.40219.1
Project("{2150E333-8FDC-42A3-9474-1A3956D46DE8}") = "Task0", "Task0", "{02EA681E-C7D8-13C7-8484-4AC65E1B71E8}"
EndProject
Project("{FAE04EC0-301F-11D3-BF4B-00C04F79EFBC}") = "Tyuiu.RomanovichEN.Sprint5.Task0.V27.Lib", "Tyuiu.RomanovichEN.Sprint5.Task0.V27.Lib\Tyuiu.RomanovichEN.Sprint5.Task0.V27.Lib.csproj", "{5C55E704-6142-4008-B1A5-919E199567F3}"
EndProject
Project("{FAE04EC0-301F-11D3-BF4B-00C04F79EFBC}") = "Tyuiu.RomanovichEN.Sprint5.Task0.V27", "Tyuiu.RomanovichEN.Sprint5.Task0.V27\Tyuiu.RomanovichEN.Sprint5.Task0.V27.csproj", "{71DF3C2B-D4ED-469B-B82F-57DE9A1A2786}"
EndProject
Project("{FAE04EC0-301F-11D3-BF4B-00C04F79EFBC}") = "Tyuiu.RomanovichEN.Sprint5.Task0.V27.Test", "Tyuiu.RomanovichEN.Sprint5.Task0.V27.Test\Tyuiu.RomanovichEN.Sprint5.Task0.V27.Test.csproj", "{CD1362DD-48D1-4AE2-B402-0DD0B063C118}"
EndProject
Project("{2150E333-8FDC-42A3-9474-1A3956D46DE8}") = "Task1", "Task1", "{F2ED7D2E-8E98-4EFB-B926-05C2F81BAA32}"
EndProject
Project("{FAE04EC0-301F-11D3-BF4B-00C04F79EFBC}") = "Tyuiu.RomanovichEN.Sprint5.Task1.V4.Lib", "Tyuiu.RomanovichEN.Sprint5.Task1.V4.Lib\Tyuiu.RomanovichEN.Sprint5.Task1.V4.Lib.csproj", "{51BDB6B5-48EC-493D-9414-E57A948E3090}"
EndProject
Project("{FAE04EC0-301F-11D3-BF4B-00C04F79EFBC}") = "Tyuiu.RomanovichEN.Sprint5.Task1.V4", "Tyuiu.RomanovichEN.Sprint5.Task1.V4\Tyuiu.RomanovichEN.Sprint5.Task1.V4.csproj", "{70A1B533-6036-4469-BAB4-20BDA0265AEF}"
EndProject
Project("{FAE04EC0-301F-11D3-BF4B-00C04F79EFBC}") = "Tyuiu.RomanovichEN.Sprint5.Task1.V4.Test", "Tyuiu.RomanovichEN.Sprint5.Task1.V4.Test\Tyuiu.RomanovichEN.Sprint5.Task1.V4.Test.csproj", "{39F16D9F-8680-4DDC-B94E-B5C73F567CAD}"
EndProject
Project("{2150E333-8FDC-42A3-9474-1A3956D46DE8}") = "Task2", "Task2", "{7E3DABD4-DAE5-429C-B7E7-80F5E2A42FF1}"
EndProject
Project("{FAE04EC0-301F-11D3-BF4B-00C04F79EFBC}") = "Tyuiu.RomanovichEN.Sprint5.Task2.V11.Lib", "Tyuiu.RomanovichEN.Sprint5.Task2.V11.Lib\Tyuiu.RomanovichEN.Sprint5.Task2.V11.Lib.csproj", "{BF833FA2-F892-4340-B6D1-4B0E9323E78F}"
EndProject
Project("{FAE04EC0-301F-11D3-BF4B-00C04F79EFBC}") = "Tyuiu.RomanovichEN.Sprint5.Task2.V11", "Tyuiu.RomanovichEN.Sprint5.Task2.V11\Tyuiu.RomanovichEN.Sprint5.Task2.V11.csproj", "{591287C6-4D63-4411-BADC-5A25E92C9F08}"
EndProject
Project("{FAE04EC0-301F-11D3-BF4B-00C04F79EFBC}") = "Tyuiu.RomanovichEN.Sprint5.Task2.V11.Test", "Tyuiu.RomanovichEN.Sprint5.Task2.V11.Test\Tyuiu.RomanovichEN.Sprint5.Task2.V11.Test.csproj", "{8E10D961-BFBB-48A6-B715-ABF597156340}"
EndProject
Project("{2150E333-8FDC-42A3-9474-1A3956D46DE8}") = "Task3", "Task3", "{5618B8F6-410D-4DFF-8386-AA4C6EA6B198}"
EndProject
Project("{FAE04EC0-301F-11D3-BF4B-00C04F79EFBC}") = "Tyuiu.RomanovichEN.Sprint5.Task3.V1.Lib", "Tyuiu.RomanovichEN.Sprint5.Task3.V1.Lib\Tyuiu.RomanovichEN.Sprint5.Task3.V1.Lib.csproj", "{FE727AB0-0981-46D9-8A83-CF51872FAF04}"
EndProject
Project("{FAE04EC0-301F-11D3-BF4B-00C04F79EFBC}") = "Tyuiu.RomanovichEN.Sprint5.Task3.V1", "Tyuiu.RomanovichEN.Sprint5.Task3.V1\Tyuiu.RomanovichEN.Sprint5.Task3.V1.csproj", "{8E41AAFD-DE4D-4D72-818A-F44B103A727C}"
EndProject
Project("{FAE04EC0-301F-11D3-BF4B-00C04F79EFBC}") = "Tyuiu.RomanovichEN.Sprint5.Task3.V1.Test", "Tyuiu.RomanovichEN.Sprint5.Task3.V1.Test\Tyuiu.RomanovichEN.Sprint5.Task3.V1.Test.csproj", "{19BF0EFA-17B0-4953-AD11-902001314DA9}"
EndProject
Project("{2150E333-8FDC-42A3-9474-1A3956D46DE8}") = "Task4", "Task4", "{A8DE517D-78C1-47DC-99F3-8B2393BCBFFE}"
EndProject
Project("{FAE04EC0-301F-11D3-BF4B-00C04F79EFBC}") = "Tyuiu.RomanovichEN.Sprint5.Task4.V29.Lib", "Tyuiu.RomanovichEN.Sprint5.Task4.V29.Lib\Tyuiu.RomanovichEN.Sprint5.Task4.V29.Lib.csproj", "{4E25662C-BDA2-4170-9B5B-529EC9E7AE1C}"
EndProject
Project("{FAE04EC0-301F-11D3-BF4B-00C04F79EFBC}") = "Tyuiu.RomanovichEN.Sprint5.Task4.V29", "Tyuiu.RomanovichEN.Sprint5.Task4.V29\Tyuiu.RomanovichEN.Sprint5.Task4.V29.csproj", "{90F2425C-1167-4559-B045-FEAAABED9A29}"
EndProject
Project("{FAE04EC0-301F-11D3-BF4B-00C04F79EFBC}") = "Tyuiu.RomanovichEN.Sprint5.Task4.V29.Test", "Tyuiu.RomanovichEN.Sprint5.Task4.V29.Test\Tyuiu.RomanovichEN.Sprint5.Task4.V29.Test.csproj", "{F0876569-586D-4646-88B6-B2E14A9D1143}"
EndProject
Project("{2150E333-8FDC-42A3-9474-1A3956D46DE8}") = "Task5", "Task5", "{92317C40-ECED-4D5E-9E34-754966A275A2}"
EndProject
Project("{FAE04EC0-301F-11D3-BF4B-00C04F79EFBC}") = "Tyuiu.RomanovichEN.Sprint5.Task5.V30.Test", "Tyuiu.RomanovichEN.Sprint5.Task5.V30.Test\Tyuiu.RomanovichEN.Sprint5.Task5.V30.Test.csproj", "{E1C97406-9B52-4540-B41F-919F4C6CD59C}"
EndProject
Project("{FAE04EC0-301F-11D3-BF4B-00C04F79EFBC}") = "Tyuiu.RomanovichEN.Sprint5.Task5.V30.Lib", "Tyuiu.RomanovichEN.Sprint5.Task5.V30.Lib\Tyuiu.RomanovichEN.Sprint5.Task5.V30.Lib.csproj", "{B2D74D25-CBC9-4491-BB89-BBD225C5F0A8}"
EndProject
Project("{FAE04EC0-301F-11D3-BF4B-00C04F79EFBC}") = "Tyuiu.RomanovichEN.Sprint5.Task5.V30", "Tyuiu.RomanovichEN.Sprint5.Task5.V30\Tyuiu.RomanovichEN.Sprint5.Task5.V30.csproj", "{3BFE103D-5915-4691-8C6F-E5B1EEDC3629}"
EndProject
Project("{2150E333-8FDC-42A3-9474-1A3956D46DE8}") = "Task6", "Task6", "{CD5AE724-3A5B-4341-AAB7-9DEBA41F8767}"
EndProject
Project("{FAE04EC0-301F-11D3-BF4B-00C04F79EFBC}") = "Tyuiu.RomanovichEN.Sprint5.Task6.V28.Test", "Tyuiu.RomanovichEN.Sprint5.Task6.V28.Test\Tyuiu.RomanovichEN.Sprint5.Task6.V28.Test.csproj", "{98DBD421-116E-4A9E-9263-7E3CD5607D67}"
EndProject
Project("{FAE04EC0-301F-11D3-BF4B-00C04F79EFBC}") = "Tyuiu.RomanovichEN.Sprint5.Task6.V28.Lib", "Tyuiu.RomanovichEN.Sprint5.Task6.V28.Lib\Tyuiu.RomanovichEN.Sprint5.Task6.V28.Lib.csproj", "{6EC51E0C-21B2-4866-A20D-933771EBC187}"
EndProject
Project("{FAE04EC0-301F-11D3-BF4B-00C04F79EFBC}") = "Tyuiu.RomanovichEN.Sprint5.Task6.V28", "Tyuiu.RomanovichEN.Sprint5.Task6.V28\Tyuiu.RomanovichEN.Sprint5.Task6.V28.csproj", "{35CEAD7F-9527-4551-903C-5C66D140476B}"
EndProject
Project("{2150E333-8FDC-42A3-9474-1A3956D46DE8}") = "Task7", "Task7", "{D42D96A7-FD2E-4604-8A8C-5A5EBF93E8A7}"
EndProject
Project("{FAE04EC0-301F-11D3-BF4B-00C04F79EFBC}") = "Tyuiu.RomanovichEN.Sprint5.Task7.V22.Test", "Tyuiu.RomanovichEN.Sprint5.Task7.V22.Test\Tyuiu.RomanovichEN.Sprint5.Task7.V22.Test.csproj", "{DF30B0C1-398F-4B21-977D-5FA73F21EF9B}"
EndProject
Project("{FAE04EC0-301F-11D3-BF4B-00C04F79EFBC}") = "Tyuiu.RomanovichEN.Sprint5.Task7.V22.Lib", "Tyuiu.RomanovichEN.Sprint5.Task7.V22.Lib\Tyuiu.RomanovichEN.Sprint5.Task7.V22.Lib.csproj", "{17D21865-3094-4083-BB06-E74CB7C61297}"
EndProject
Project("{FAE04EC0-301F-11D3-BF4B-00C04F79EFBC}") = "Tyuiu.RomanovichEN.Sprint5.Task7.V22", "Tyuiu.RomanovichEN.Sprint5.Task7.V22\Tyuiu.RomanovichEN.Sprint5.Task7.V22.csproj", "{3061B2EF-8239-4524-B37B-C0B9C2DB43B4}"
EndProject
Global
	GlobalSection(SolutionConfigurationPlatforms) = preSolution
		Debug|Any CPU = Debug|Any CPU
		Release|Any CPU = Release|Any CPU
	EndGlobalSection
	GlobalSection(ProjectConfigurationPlatforms) = postSolution
		{5C55E704-6142-4008-B1A5-919E199567F3}.Debug|Any CPU.ActiveCfg = Debug|Any CPU
		{5C55E704-6142-4008-B1A5-919E199567F3}.Debug|Any CPU.Build.0 = Debug|Any CPU
		{5C55E704-6142-4008-B1A5-919E199567F3}.Release|Any CPU.ActiveCfg = Release|Any CPU
		{5C55E704-6142-4008-B1A5-919E199567F3}.Release|Any CPU.Build.0 = Release|Any CPU
		{71DF3C2B-D4ED-469B-B82F-57DE9A1A2786}.Debug|Any CPU.ActiveCfg = Debug|Any CPU
		{71DF3C2B-D4ED-469B-B82F-57DE9A1A2786}.Debug|Any CPU.Build.0 = Debug|Any CPU
		{71DF3C2B-D4ED-469B-B82F-57DE9A1A2786}.Release|Any CPU.ActiveCfg = Release|Any CPU
		{71DF3C2B-D4ED-469B-B82F-57DE9A1A2786}.Release|Any CPU.Build.0 = Release|Any CPU
		{CD1362DD-48D1-4AE2-B402-0DD0B063C118}.Debug|Any CPU.ActiveCfg = Debug|Any CPU
		{CD1362DD-48D1-4AE2-B402-0DD0B063C118}.Debug|Any CPU.Build.0 = Debug|Any CPU
		{CD1362DD-48D1-4AE2-B402-0DD0B063C118}.Release|Any CPU.ActiveCfg = Release|Any CPU
		{CD1362DD-48D1-4AE2-B402-0DD0B063C118}.Release|Any CPU.Build.0 = Release|Any CPU
		{51BDB6B5-48EC-493D-9414-E57A948E3090}.Debug|Any CPU.ActiveCfg = Debug|Any CPU
		{51BDB6B5-48EC-493D-9414-E57A948E3090}.Debug|Any CPU.Build.0 = Debug|Any CPU
		{51BDB6B5-48EC-493D-9414-E57A948E3090}.Release|Any CPU.ActiveCfg = Release|Any CPU
		{51BDB6B5-48EC-493D-9414-E57A948E3090}.Release|Any CPU.Build.0 = Release|Any CPU
		{70A1B533-6036-4469-BAB4-20BDA0265AEF}.Debug|Any CPU.ActiveCfg = Debug|Any CPU
		{70A1B533-6036-4469-BAB4-20BDA0265AEF}.Debug|Any CPU.Build.0 = Debug|Any CPU
		{70A1B533-6036-4469-BAB4-20BDA0265AEF}.Release|Any CPU.ActiveCfg = Release|Any CPU
		{70A1B533-6036-4469-BAB4-20BDA0265AEF}.Release|Any CPU.Build.0 = Release|Any CPU
		{39F16D9F-8680-4DDC-B94E-B5C73F567CAD}.Debug|Any CPU.ActiveCfg = Debug|Any CPU
		{39F16D9F-8680-4DDC-B94E-B5C73F567CAD}.Debug|Any CPU.Build.0 = Debug|Any CPU
		{39F16D9F-8680-4DDC-B94E-B5C73F567CAD}.Release|Any CPU.ActiveCfg = Release|Any CPU
		{39F16D9F-8680-4DDC-B94E-B5C73F567CAD}.Release|Any CPU.Build.0 = Release|Any CPU
		{BF833FA2-F892-4340-B6D1-4B0E9323E78F}.Debug|Any CPU.ActiveCfg = Debug|Any CPU
		{BF833FA2-F892-4340-B6D1-4B0E9323E78F}.Debug|Any CPU.Build.0 = Debug|Any CPU
		{BF833FA2-F892-4340-B6D1-4B0E9323E78F}.Release|Any CPU.ActiveCfg = Release|Any CPU
		{BF833FA2-F892-4340-B6D1-4B0E9323E78F}.Release|Any CPU.Build.0 = Release|Any CPU
		{591287C6-4D63-4411-BADC-5A25E92C9F08}.Debug|Any CPU.ActiveCfg = Debug|Any CPU
		{591287C6-4D63-4411-BADC-5A25E92C9F08}.Debug|Any CPU.Build.0 = Debug|Any CPU
		{591287C6-4D63-4411-BADC-5A25E92C9F08}.Release|Any CPU.ActiveCfg = Release|Any CPU
		{591287C6-4D63-4411-BADC-5A25E92C9F08}.Release|Any CPU.Build.0 = Release|Any CPU
		{8E10D961-BFBB-48A6-B715-ABF597156340}.Debug|Any CPU.ActiveCfg = Debug|Any CPU
		{8E10D961-BFBB-48A6-B715-ABF597156340}.Debug|Any CPU.Build.0 = Debug|Any CPU
		{8E10D961-BFBB-48A6-B715-ABF597156340}.Release|Any CPU.ActiveCfg = Release|Any CPU
		{8E10D961-BFBB-48A6-B715-ABF597156340}.Release|Any CPU.Build.0 = Release|Any CPU
		{FE727AB0-0981-46D9-8A83-CF51872FAF04}.Debug|Any CPU.ActiveCfg = Debug|Any CPU
		{FE727AB0-0981-46D9-8A83-CF51872FAF04}.Debug|Any CPU.Build.0 = Debug|Any CPU
		{FE727AB0-0981-46D9-8A83-CF51872FAF04}.Release|Any CPU.ActiveCfg = Release|Any CPU
		{FE727AB0-0981-46D9-8A83-CF51872FAF04}.Release|Any CPU.Build.0 = Release|Any CPU
		{8E41AAFD-DE4D-4D72-818A-F44B103A727C}.Debug|Any CPU.ActiveCfg = Debug|Any CPU
		{8E41AAFD-DE4D-4D72-818A-F44B103A727C}.Debug|Any CPU.Build.0 = Debug|Any CPU
		{8E41AAFD-DE4D-4D72-818A-F44B103A727C}.Release|Any CPU.ActiveCfg = Release|Any CPU
		{8E41AAFD-DE4D-4D72-818A-F44B103A727C}.Release|Any CPU.Build.0 = Release|Any CPU
		{19BF0EFA-17B0-4953-AD11-902001314DA9}.Debug|Any CPU.ActiveCfg = Debug|Any CPU
		{19BF0EFA-17B0-4953-AD11-902001314DA9}.Debug|Any CPU.Build.0 = Debug|Any CPU
		{19BF0EFA-17B0-4953-AD11-902001314DA9}.Release|Any CPU.ActiveCfg = Release|Any CPU
		{19BF0EFA-17B0-4953-AD11-902001314DA9}.Release|Any CPU.Build.0 = Release|Any CPU
		{4E25662C-BDA2-4170-9B5B-529EC9E7AE1C}.Debug|Any CPU.ActiveCfg = Debug|Any CPU
		{4E25662C-BDA2-4170-9B5B-529EC9E7AE1C}.Debug|Any CPU.Build.0 = Debug|Any CPU
		{4E25662C-BDA2-4170-9B5B-529EC9E7AE1C}.Release|Any CPU.ActiveCfg = Release|Any CPU
		{4E25662C-BDA2-4170-9B5B-529EC9E7AE1C}.Release|Any CPU.Build.0 = Release|Any CPU
		{90F2425C-1167-4559-B045-FEAAABED9A29}.Debug|Any CPU.ActiveCfg = Debug|Any CPU
		{90F2425C-1167-4559-B045-FEAAABED9A29}.Debug|Any CPU.Build.0 = Debug|Any CPU
		{90F2425C-1167-4559-B045-FEAAABED9A29}.Release|Any CPU.ActiveCfg = Release|Any CPU
		{90F2425C-1167-4559-B045-FEAAABED9A29}.Release|Any CPU.Build.0 = Release|Any CPU
		{F0876569-586D-4646-88B6-B2E14A9D1143}.Debug|Any CPU.ActiveCfg = Debug|Any CPU
		{F0876569-586D-4646-88B6-B2E14A9D1143}.Debug|Any CPU.Build.0 = Debug|Any CPU
		{F0876569-586D-4646-88B6-B2E14A9D1143}.Release|Any CPU.ActiveCfg = Release|Any CPU
		{F0876569-586D-4646-88B6-B2E14A9D1143}.Release|Any CPU.Build.0 = Release|Any CPU
		{E1C97406-9B52-4540-B41F-919F4C6CD59C}.Debug|Any CPU.ActiveCfg = Debug|Any CPU
		{E1C97406-9B52-4540-B41F-919F4C6CD59C}.Debug|Any CPU.Build.0 = Debug|Any CPU
		{E1C97406-9B52-4540-B41F-919F4C6CD59C}.Release|Any CPU.ActiveCfg = Release|Any CPU
		{E1C97406-9B52-4540-B41F-919F4C6CD59C}.Release|Any CPU.Build.0 = Release|Any CPU
		{B2D74D25-CBC9-4491-BB89-BBD225C5F0A8}.Debug|Any CPU.ActiveCfg = Debug|Any CPU
		{B2D74D25-CBC9-4491-BB89-BBD225C5F0A8}.Debug|Any CPU.Build.0 = Debug|Any CPU
		{B2D74D25-CBC9-4491-BB89-BBD225C5F0A8}.Release|Any CPU.ActiveCfg = Release|Any CPU
		{B2D74D25-CBC9-4491-BB89-BBD225C5F0A8}.Release|Any CPU.Build.0 = Release|Any CPU
		{3BFE103D-5915-4691-8C6F-E5B1EEDC3629}.Debug|Any CPU.ActiveCfg = Debug|Any CPU
		{3BFE103D-5915-4691-8C6F-E5B1EEDC3629}.Debug|Any CPU.Build.0 = Debug|Any CPU
		{3BFE103D-5915-4691-8C6F-E5B1EEDC3629}.Release|Any CPU.ActiveCfg = Release|Any CPU
		{3BFE103D-5915-4691-8C6F-E5B1EEDC3629}.Release|Any CPU.Build.0 = Release|Any CPU
		{98DBD421-116E-4A9E-9263-7E3CD5607D67}.Debug|Any CPU.ActiveCfg = Debug|Any CPU
		{98DBD421-116E-4A9E-9263-7E3CD5607D67}.Debug|Any CPU.Build.0 = Debug|Any CPU
		{98DBD421-116E-4A9E-9263-7E3CD5607D67}.Release|Any CPU.ActiveCfg = Release|Any CPU
		{98DBD421-116E-4A9E-9263-7E3CD5607D67}.Release|Any CPU.Build.0 = Release|Any CPU
		{6EC51E0C-21B2-4866-A20D-933771EBC187}.Debug|Any CPU.ActiveCfg = Debug|Any CPU
		{6EC51E0C-21B2-4866-A20D-933771EBC187}.Debug|Any CPU.Build.0 = Debug|Any CPU
		{6EC51E0C-21B2-4866-A20D-933771EBC187}.Release|Any CPU.ActiveCfg = Release|Any CPU
		{6EC51E0C-21B2-4866-A20D-933771EBC187}.Release|Any CPU.Build.0 = Release|Any CPU
		{35CEAD7F-9527-4551-903C-5C66D140476B}.Debug|Any CPU.ActiveCfg = Debug|Any CPU
		{35CEAD7F-9527-4551-903C-5C66D140476B}.Debug|Any CPU.Build.0 = Debug|Any CPU
		{35CEAD7F-9527-4551-903C-5C66D140476B}.Release|Any CPU.ActiveCfg = Release|Any CPU
		{35CEAD7F-9527-4551-903C-5C66D140476B}.Release|Any CPU.Build.0 = Release|Any CPU
		{DF30B0C1-398F-4B21-977D-5FA73F21EF9B}.Debug|Any CPU.ActiveCfg = Debug|Any CPU
		{DF30B0C1-398F-4B21-977D-5FA73F21EF9B}.Debug|Any CPU.Build.0 = Debug|Any CPU
		{DF30B0C1-398F-4B21-977D-5FA73F21EF9B}.Release|Any CPU.ActiveCfg = Release|Any CPU
		{DF30B0C1-398F-4B21-977D-5FA73F21EF9B}.Release|Any CPU.Build.0 = Release|Any CPU
		{17D21865-3094-4083-BB06-E74CB7C61297}.Debug|Any CPU.ActiveCfg = Debug|Any CPU
		{17D21865-3094-4083-BB06-E74CB7C61297}.Debug|Any CPU.Build.0 = Debug|Any CPU
		{17D21865-3094-4083-BB06-E74CB7C61297}.Release|Any CPU.ActiveCfg = Release|Any CPU
		{17D21865-3094-4083-BB06-E74CB7C61297}.Release|Any CPU.Build.0 = Release|Any CPU
		{3061B2EF-8239-4524-B37B-C0B9C2DB43B4}.Debug|Any CPU.ActiveCfg = Debug|Any CPU
		{3061B2EF-8239-4524-B37B-C0B9C2DB43B4}.Debug|Any CPU.Build.0 = Debug|Any CPU
		{3061B2EF-8239-4524-B37B-C0B9C2DB43B4}.Release|Any CPU.ActiveCfg = Release|Any CPU
		{3061B2EF-8239-4524-B37B-C0B9C2DB43B4}.Release|Any CPU.Build.0 = Release|Any CPU
	EndGlobalSection
	GlobalSection(SolutionProperties) = preSolution
		HideSolutionNode = FALSE
	EndGlobalSection
	GlobalSection(NestedProjects) = preSolution
		{5C55E704-6142-4008-B1A5-919E199567F3} = {02EA681E-C7D8-13C7-8484-4AC65E1B71E8}
		{71DF3C2B-D4ED-469B-B82F-57DE9A1A2786} = {02EA681E-C7D8-13C7-8484-4AC65E1B71E8}
		{CD1362DD-48D1-4AE2-B402-0DD0B063C118} = {02EA681E-C7D8-13C7-8484-4AC65E1B71E8}
		{51BDB6B5-48EC-493D-9414-E57A948E3090} = {F2ED7D2E-8E98-4EFB-B926-05C2F81BAA32}
		{70A1B533-6036-4469-BAB4-20BDA0265AEF} = {F2ED7D2E-8E98-4EFB-B926-05C2F81BAA32}
		{39F16D9F-8680-4DDC-B94E-B5C73F567CAD} = {F2ED7D2E-8E98-4EFB-B926-05C2F81BAA32}
		{BF833FA2-F892-4340-B6D1-4B0E9323E78F} = {7E3DABD4-DAE5-429C-B7E7-80F5E2A42FF1}
		{591287C6-4D63-4411-BADC-5A25E92C9F08} = {7E3DABD4-DAE5-429C-B7E7-80F5E2A42FF1}
		{8E10D961-BFBB-48A6-B715-ABF597156340} = {7E3DABD4-DAE5-429C-B7E7-80F5E2A42FF1}
		{FE727AB0-0981-46D9-8A83-CF51872FAF04} = {5618B8F6-410D-4DFF-8386-AA4C6EA6B198}
		{8E41AAFD-DE4D-4D72-818A-F44B103A727C} = {5618B8F6-410D-4DFF-8386-AA4C6EA6B198}
		{19BF0EFA-17B0-4953-AD11-902001314DA9} = {5618B8F6-410D-4DFF-8386-AA4C6EA6B198}
		{4E25662C-BDA2-4170-9B5B-529EC9E7AE1C} = {A8DE517D-78C1-47DC-99F3-8B2393BCBFFE}
		{90F2425C-1167-4559-B045-FEAAABED9A29} = {A8DE517D-78C1-47DC-99F3-8B2393BCBFFE}
		{F0876569-586D-4646-88B6-B2E14A9D1143} = {A8DE517D-78C1-47DC-99F3-8B2393BCBFFE}
		{E1C97406-9B52-4540-B41F-919F4C6CD59C} = {92317C40-ECED-4D5E-9E34-754966A275A2}
		{B2D74D25-CBC9-4491-BB89-BBD225C5F0A8} = {92317C40-ECED-4D5E-9E34-754966A275A2}
		{3BFE103D-5915-4691-8C6F-E5B1EEDC3629} = {92317C40-ECED-4D5E-9E34-754966A275A2}
		{98DBD421-116E-4A9E-9263-7E3CD5607D67} = {CD5AE724-3A5B-4341-AAB7-9DEBA41F8767}
		{6EC51E0C-21B2-4866-A20D-933771EBC187} = {CD5AE724-3A5B-4341-AAB7-9DEBA41F8767}
		{35CEAD7F-9527-4551-903C-5C66D140476B} = {CD5AE724-3A5B-4341-AAB7-9DEBA41F8767}
		{DF30B0C1-398F-4B21-977D-5FA73F21EF9B} = {D42D96A7-FD2E-4604-8A8C-5A5EBF93E8A7}
		{17D21865-3094-4083-BB06-E74CB7C61297} = {D42D96A7-FD2E-4604-8A8C-5A5EBF93E8A7}
		{3061B2EF-8239-4524-B37B-C0B9C2DB43B4} = {D42D96A7-FD2E-4604-8A8C-5A5EBF93E8A7}
	EndGlobalSection
	GlobalSection(ExtensibilityGlobals) = postSolution
		SolutionGuid = {C2151D1E-5C58-4E27-8D2B-E70B11A694CF}
	EndGlobalSection
EndGlobal
