
Microsoft Visual Studio Solution File, Format Version 12.00
# Visual Studio Version 17
VisualStudioVersion = 17.14.36511.14
MinimumVisualStudioVersion = 10.0.40219.1
Project("{2150E333-8FDC-42A3-9474-1A3956D46DE8}") = "Task0", "Task0", "{02EA681E-C7D8-13C7-8484-4AC65E1B71E8}"
EndProject
Project("{FAE04EC0-301F-11D3-BF4B-00C04F79EFBC}") = "Tyuiu.RomanovichEN.Sprint5.Task0.V27.Lib", "Tyuiu.RomanovichEN.Sprint5.Task0.V27.Lib\Tyuiu.RomanovichEN.Sprint5.Task0.V27.Lib.csproj", "{5C55E704-6142-4008-B1A5-919E199567F3}"
EndProject
Project("{FAE04EC0-301F-11D3-BF4B-00C04F79EFBC}") = "Tyuiu.RomanovichEN.Sprint5.Task0.V27", "Tyuiu.RomanovichEN.Sprint5.Task0.V27\Tyuiu.RomanovichEN.Sprint5.Task0.V27.csproj", "{71DF3C2B-D4ED-469B-B82F-57DE9A1A2786}"
EndProject
Project("{FAE04EC0-301F-11D3-BF4B-00C04F79EFBC}") = "Tyuiu.RomanovichEN.Sprint5.Task0.V27.Test", "Tyuiu.RomanovichEN.Sprint5.Task0.V27.Test\Tyuiu.RomanovichEN.Sprint5.Task0.V27.Test.csproj", "{CD1362DD-48D1-4AE2-B402-0DD0B063C118}"
EndProject
Project("{2150E333-8FDC-42A3-9474-1A3956D46DE8}") = "Task1", "Task1", "{F2ED7D2E-8E98-4EFB-B926-05C2F81BAA32}"
EndProject
Project("{FAE04EC0-301F-11D3-BF4B-00C04F79EFBC}") = "Tyuiu.RomanovichEN.Sprint5.Task1.V4.Lib", "Tyuiu.RomanovichEN.Sprint5.Task1.V4.Lib\Tyuiu.RomanovichEN.Sprint5.Task1.V4.Lib.csproj", "{51BDB6B5-48EC-493D-9414-E57A948E3090}"
EndProject
Project("{FAE04EC0-301F-11D3-BF4B-00C04F79EFBC}") = "Tyuiu.RomanovichEN.Sprint5.Task1.V4", "Tyuiu.RomanovichEN.Sprint5.Task1.V4\Tyuiu.RomanovichEN.Sprint5.Task1.V4.csproj", "{70A1B533-6036-4469-BAB4-20BDA0265AEF}"
EndProject
Project("{FAE04EC0-301F-11D3-BF4B-00C04F79EFBC}") = "Tyuiu.RomanovichEN.Sprint5.Task1.V4.Test", "Tyuiu.RomanovichEN.Sprint5.Task1.V4.Test\Tyuiu.RomanovichEN.Sprint5.Task1.V4.Test.csproj", "{39F16D9F-8680-4DDC-B94E-B5C73F567CAD}"
EndProject
Project("{2150E333-8FDC-42A3-9474-1A3956D46DE8}") = "Task2", "Task2", "{7E3DABD4-DAE5-429C-B7E7-80F5E2A42FF1}"
EndProject
Project("{FAE04EC0-301F-11D3-BF4B-00C04F79EFBC}") = "Tyuiu.RomanovichEN.Sprint5.Task2.V11.Lib", "Tyuiu.RomanovichEN.Sprint5.Task2.V11.Lib\Tyuiu.RomanovichEN.Sprint5.Task2.V11.Lib.csproj", "{BF833FA2-F892-4340-B6D1-4B0E9323E78F}"
EndProject
Project("{FAE04EC0-301F-11D3-BF4B-00C04F79EFBC}") = "Tyuiu.RomanovichEN.Sprint5.Task2.V11", "Tyuiu.RomanovichEN.Sprint5.Task2.V11\Tyuiu.RomanovichEN.Sprint5.Task2.V11.csproj", "{591287C6-4D63-4411-BADC-5A25E92C9F08}"
EndProject
Project("{FAE04EC0-301F-11D3-BF4B-00C04F79EFBC}") = "Tyuiu.RomanovichEN.Sprint5.Task2.V11.Test", "Tyuiu.RomanovichEN.Sprint5.Task2.V11.Test\Tyuiu.RomanovichEN.Sprint5.Task2.V11.Test.csproj", "{8E10D961-BFBB-48A6-B715-ABF597156340}"
EndProject
Project("{2150E333-8FDC-42A3-9474-1A3956D46DE8}") = "Task3", "Task3", "{5618B8F6-410D-4DFF-8386-AA4C6EA6B198}"
EndProject
Project("{FAE04EC0-301F-11D3-BF4B-00C04F79EFBC}") = "Tyuiu.RomanovichEN.Sprint5.Task3.V1.Lib", "Tyuiu.RomanovichEN.Sprint5.Task3.V1.Lib\Tyuiu.RomanovichEN.Sprint5.Task3.V1.Lib.csproj", "{FE727AB0-0981-46D9-8A83-CF51872FAF04}"
EndProject
Project("{FAE04EC0-301F-11D3-BF4B-00C04F79EFBC}") = "Tyuiu.RomanovichEN.Sprint5.Task3.V1", "Tyuiu.RomanovichEN.Sprint5.Task3.V1\Tyuiu.RomanovichEN.Sprint5.Task3.V1.csproj", "{8E41AAFD-DE4D-4D72-818A-F44B103A727C}"
EndProject
Project("{FAE04EC0-301F-11D3-BF4B-00C04F79EFBC}") = "Tyuiu.RomanovichEN.Sprint5.Task3.V1.Test", "Tyuiu.RomanovichEN.Sprint5.Task3.V1.Test\Tyuiu.RomanovichEN.Sprint5.Task3.V1.Test.csproj", "{19BF0EFA-17B0-4953-AD11-902001314DA9}"
EndProject
Global
	GlobalSection(SolutionConfigurationPlatforms) = preSolution
		Debug|Any CPU = Debug|Any CPU
		Release|Any CPU = Release|Any CPU
	EndGlobalSection
	GlobalSection(ProjectConfigurationPlatforms) = postSolution
		{5C55E704-6142-4008-B1A5-919E199567F3}.Debug|Any CPU.ActiveCfg = Debug|Any CPU
		{5C55E704-6142-4008-B1A5-919E199567F3}.Debug|Any CPU.Build.0 = Debug|Any CPU
		{5C55E704-6142-4008-B1A5-919E199567F3}.Release|Any CPU.ActiveCfg = Release|Any CPU
		{5C55E704-6142-4008-B1A5-919E199567F3}.Release|Any CPU.Build.0 = Release|Any CPU
		{71DF3C2B-D4ED-469B-B82F-57DE9A1A2786}.Debug|Any CPU.ActiveCfg = Debug|Any CPU
		{71DF3C2B-D4ED-469B-B82F-57DE9A1A2786}.Debug|Any CPU.Build.0 = Debug|Any CPU
		{71DF3C2B-D4ED-469B-B82F-57DE9A1A2786}.Release|Any CPU.ActiveCfg = Release|Any CPU
		{71DF3C2B-D4ED-469B-B82F-57DE9A1A2786}.Release|Any CPU.Build.0 = Release|Any CPU
		{CD1362DD-48D1-4AE2-B402-0DD0B063C118}.Debug|Any CPU.ActiveCfg = Debug|Any CPU
		{CD1362DD-48D1-4AE2-B402-0DD0B063C118}.Debug|Any CPU.Build.0 = Debug|Any CPU
		{CD1362DD-48D1-4AE2-B402-0DD0B063C118}.Release|Any CPU.ActiveCfg = Release|Any CPU
		{CD1362DD-48D1-4AE2-B402-0DD0B063C118}.Release|Any CPU.Build.0 = Release|Any CPU
		{51BDB6B5-48EC-493D-9414-E57A948E3090}.Debug|Any CPU.ActiveCfg = Debug|Any CPU
		{51BDB6B5-48EC-493D-9414-E57A948E3090}.Debug|Any CPU.Build.0 = Debug|Any CPU
		{51BDB6B5-48EC-493D-9414-E57A948E3090}.Release|Any CPU.ActiveCfg = Release|Any CPU
		{51BDB6B5-48EC-493D-9414-E57A948E3090}.Release|Any CPU.Build.0 = Release|Any CPU
		{70A1B533-6036-4469-BAB4-20BDA0265AEF}.Debug|Any CPU.ActiveCfg = Debug|Any CPU
		{70A1B533-6036-4469-BAB4-20BDA0265AEF}.Debug|Any CPU.Build.0 = Debug|Any CPU
		{70A1B533-6036-4469-BAB4-20BDA0265AEF}.Release|Any CPU.ActiveCfg = Release|Any CPU
		{70A1B533-6036-4469-BAB4-20BDA0265AEF}.Release|Any CPU.Build.0 = Release|Any CPU
		{39F16D9F-8680-4DDC-B94E-B5C73F567CAD}.Debug|Any CPU.ActiveCfg = Debug|Any CPU
		{39F16D9F-8680-4DDC-B94E-B5C73F567CAD}.Debug|Any CPU.Build.0 = Debug|Any CPU
		{39F16D9F-8680-4DDC-B94E-B5C73F567CAD}.Release|Any CPU.ActiveCfg = Release|Any CPU
		{39F16D9F-8680-4DDC-B94E-B5C73F567CAD}.Release|Any CPU.Build.0 = Release|Any CPU
		{BF833FA2-F892-4340-B6D1-4B0E9323E78F}.Debug|Any CPU.ActiveCfg = Debug|Any CPU
		{BF833FA2-F892-4340-B6D1-4B0E9323E78F}.Debug|Any CPU.Build.0 = Debug|Any CPU
		{BF833FA2-F892-4340-B6D1-4B0E9323E78F}.Release|Any CPU.ActiveCfg = Release|Any CPU
		{BF833FA2-F892-4340-B6D1-4B0E9323E78F}.Release|Any CPU.Build.0 = Release|Any CPU
		{591287C6-4D63-4411-BADC-5A25E92C9F08}.Debug|Any CPU.ActiveCfg = Debug|Any CPU
		{591287C6-4D63-4411-BADC-5A25E92C9F08}.Debug|Any CPU.Build.0 = Debug|Any CPU
		{591287C6-4D63-4411-BADC-5A25E92C9F08}.Release|Any CPU.ActiveCfg = Release|Any CPU
		{591287C6-4D63-4411-BADC-5A25E92C9F08}.Release|Any CPU.Build.0 = Release|Any CPU
		{8E10D961-BFBB-48A6-B715-ABF597156340}.Debug|Any CPU.ActiveCfg = Debug|Any CPU
		{8E10D961-BFBB-48A6-B715-ABF597156340}.Debug|Any CPU.Build.0 = Debug|Any CPU
		{8E10D961-BFBB-48A6-B715-ABF597156340}.Release|Any CPU.ActiveCfg = Release|Any CPU
		{8E10D961-BFBB-48A6-B715-ABF597156340}.Release|Any CPU.Build.0 = Release|Any CPU
		{FE727AB0-0981-46D9-8A83-CF51872FAF04}.Debug|Any CPU.ActiveCfg = Debug|Any CPU
		{FE727AB0-0981-46D9-8A83-CF51872FAF04}.Debug|Any CPU.Build.0 = Debug|Any CPU
		{FE727AB0-0981-46D9-8A83-CF51872FAF04}.Release|Any CPU.ActiveCfg = Release|Any CPU
		{FE727AB0-0981-46D9-8A83-CF51872FAF04}.Release|Any CPU.Build.0 = Release|Any CPU
		{8E41AAFD-DE4D-4D72-818A-F44B103A727C}.Debug|Any CPU.ActiveCfg = Debug|Any CPU
		{8E41AAFD-DE4D-4D72-818A-F44B103A727C}.Debug|Any CPU.Build.0 = Debug|Any CPU
		{8E41AAFD-DE4D-4D72-818A-F44B103A727C}.Release|Any CPU.ActiveCfg = Release|Any CPU
		{8E41AAFD-DE4D-4D72-818A-F44B103A727C}.Release|Any CPU.Build.0 = Release|Any CPU
		{19BF0EFA-17B0-4953-AD11-902001314DA9}.Debug|Any CPU.ActiveCfg = Debug|Any CPU
		{19BF0EFA-17B0-4953-AD11-902001314DA9}.Debug|Any CPU.Build.0 = Debug|Any CPU
		{19BF0EFA-17B0-4953-AD11-902001314DA9}.Release|Any CPU.ActiveCfg = Release|Any CPU
		{19BF0EFA-17B0-4953-AD11-902001314DA9}.Release|Any CPU.Build.0 = Release|Any CPU
	EndGlobalSection
	GlobalSection(SolutionProperties) = preSolution
		HideSolutionNode = FALSE
	EndGlobalSection
	GlobalSection(NestedProjects) = preSolution
		{5C55E704-6142-4008-B1A5-919E199567F3} = {02EA681E-C7D8-13C7-8484-4AC65E1B71E8}
		{71DF3C2B-D4ED-469B-B82F-57DE9A1A2786} = {02EA681E-C7D8-13C7-8484-4AC65E1B71E8}
		{CD1362DD-48D1-4AE2-B402-0DD0B063C118} = {02EA681E-C7D8-13C7-8484-4AC65E1B71E8}
		{51BDB6B5-48EC-493D-9414-E57A948E3090} = {F2ED7D2E-8E98-4EFB-B926-05C2F81BAA32}
		{70A1B533-6036-4469-BAB4-20BDA0265AEF} = {F2ED7D2E-8E98-4EFB-B926-05C2F81BAA32}
		{39F16D9F-8680-4DDC-B94E-B5C73F567CAD} = {F2ED7D2E-8E98-4EFB-B926-05C2F81BAA32}
		{BF833FA2-F892-4340-B6D1-4B0E9323E78F} = {7E3DABD4-DAE5-429C-B7E7-80F5E2A42FF1}
		{591287C6-4D63-4411-BADC-5A25E92C9F08} = {7E3DABD4-DAE5-429C-B7E7-80F5E2A42FF1}
		{8E10D961-BFBB-48A6-B715-ABF597156340} = {7E3DABD4-DAE5-429C-B7E7-80F5E2A42FF1}
		{FE727AB0-0981-46D9-8A83-CF51872FAF04} = {5618B8F6-410D-4DFF-8386-AA4C6EA6B198}
		{8E41AAFD-DE4D-4D72-818A-F44B103A727C} = {5618B8F6-410D-4DFF-8386-AA4C6EA6B198}
		{19BF0EFA-17B0-4953-AD11-902001314DA9} = {5618B8F6-410D-4DFF-8386-AA4C6EA6B198}
	EndGlobalSection
	GlobalSection(ExtensibilityGlobals) = postSolution
		SolutionGuid = {C2151D1E-5C58-4E27-8D2B-E70B11A694CF}
	EndGlobalSection
EndGlobal
